
Microsoft Visual Studio Solution File, Format Version 12.00
# Visual Studio Version 16
VisualStudioVersion = 16.0.30611.23
MinimumVisualStudioVersion = 10.0.40219.1
Project("{FAE04EC0-301F-11D3-BF4B-00C04F79EFBC}") = "WebShopping", "WebShopping\WebShopping.csproj", "{8A57587F-A2E2-40CE-9744-CA162B898ACF}"
EndProject
Global
	GlobalSection(SolutionConfigurationPlatforms) = preSolution
		Debug|Any CPU = Debug|Any CPU
		Release|Any CPU = Release|Any CPU
	EndGlobalSection
	GlobalSection(ProjectConfigurationPlatforms) = postSolution
		{8A57587F-A2E2-40CE-9744-CA162B898ACF}.Debug|Any CPU.ActiveCfg = Debug|Any CPU
		{8A57587F-A2E2-40CE-9744-CA162B898ACF}.Debug|Any CPU.Build.0 = Debug|Any CPU
		{8A57587F-A2E2-40CE-9744-CA162B898ACF}.Release|Any CPU.ActiveCfg = Release|Any CPU
		{8A57587F-A2E2-40CE-9744-CA162B898ACF}.Release|Any CPU.Build.0 = Release|Any CPU
	EndGlobalSection
	GlobalSection(SolutionProperties) = preSolution
		HideSolutionNode = FALSE
	EndGlobalSection
	GlobalSection(ExtensibilityGlobals) = postSolution
		SolutionGuid = {A7361340-83D4-49F3-BC58-5BA9AC838230}
	EndGlobalSection
EndGlobal
